
Microsoft Visual Studio Solution File, Format Version 12.00
# Visual Studio Version 17
VisualStudioVersion = 17.0.31903.59
MinimumVisualStudioVersion = 10.0.40219.1
Project("{FAE04EC0-301F-11D3-BF4B-00C04F79EFBC}") = "FactoryMethodPattern", "FactoryMethodPattern\FactoryMethodPattern.csproj", "{37D3BFE1-C1C1-4A4C-9D64-E3873CF1D9CF}"
EndProject
Project("{FAE04EC0-301F-11D3-BF4B-00C04F79EFBC}") = "AbstractFactoryPattern", "AbstractFactoryPattern\AbstractFactoryPattern.csproj", "{EE4F4A55-9782-47A9-90B7-2012B9886CC2}"
EndProject
Project("{FAE04EC0-301F-11D3-BF4B-00C04F79EFBC}") = "FacadePattern", "FacadePattern\FacadePattern.csproj", "{5B54FA60-B202-4F4B-ABAC-AB982D2C556F}"
EndProject
Project("{FAE04EC0-301F-11D3-BF4B-00C04F79EFBC}") = "AdapterPattern", "AdapterPattern\AdapterPattern.csproj", "{A8889EB9-EF8C-4316-8FB2-BE8090A2642D}"
EndProject
Global
	GlobalSection(SolutionConfigurationPlatforms) = preSolution
		Debug|Any CPU = Debug|Any CPU
		Release|Any CPU = Release|Any CPU
	EndGlobalSection
	GlobalSection(SolutionProperties) = preSolution
		HideSolutionNode = FALSE
	EndGlobalSection
	GlobalSection(ProjectConfigurationPlatforms) = postSolution
		{37D3BFE1-C1C1-4A4C-9D64-E3873CF1D9CF}.Debug|Any CPU.ActiveCfg = Debug|Any CPU
		{37D3BFE1-C1C1-4A4C-9D64-E3873CF1D9CF}.Debug|Any CPU.Build.0 = Debug|Any CPU
		{37D3BFE1-C1C1-4A4C-9D64-E3873CF1D9CF}.Release|Any CPU.ActiveCfg = Release|Any CPU
		{37D3BFE1-C1C1-4A4C-9D64-E3873CF1D9CF}.Release|Any CPU.Build.0 = Release|Any CPU
		{EE4F4A55-9782-47A9-90B7-2012B9886CC2}.Debug|Any CPU.ActiveCfg = Debug|Any CPU
		{EE4F4A55-9782-47A9-90B7-2012B9886CC2}.Debug|Any CPU.Build.0 = Debug|Any CPU
		{EE4F4A55-9782-47A9-90B7-2012B9886CC2}.Release|Any CPU.ActiveCfg = Release|Any CPU
		{EE4F4A55-9782-47A9-90B7-2012B9886CC2}.Release|Any CPU.Build.0 = Release|Any CPU
		{5B54FA60-B202-4F4B-ABAC-AB982D2C556F}.Debug|Any CPU.ActiveCfg = Debug|Any CPU
		{5B54FA60-B202-4F4B-ABAC-AB982D2C556F}.Debug|Any CPU.Build.0 = Debug|Any CPU
		{5B54FA60-B202-4F4B-ABAC-AB982D2C556F}.Release|Any CPU.ActiveCfg = Release|Any CPU
		{5B54FA60-B202-4F4B-ABAC-AB982D2C556F}.Release|Any CPU.Build.0 = Release|Any CPU
		{A8889EB9-EF8C-4316-8FB2-BE8090A2642D}.Debug|Any CPU.ActiveCfg = Debug|Any CPU
		{A8889EB9-EF8C-4316-8FB2-BE8090A2642D}.Debug|Any CPU.Build.0 = Debug|Any CPU
		{A8889EB9-EF8C-4316-8FB2-BE8090A2642D}.Release|Any CPU.ActiveCfg = Release|Any CPU
		{A8889EB9-EF8C-4316-8FB2-BE8090A2642D}.Release|Any CPU.Build.0 = Release|Any CPU
	EndGlobalSection
EndGlobal
